
Microsoft Visual Studio Solution File, Format Version 12.00
# Visual Studio Version 16
VisualStudioVersion = 16.0.31605.320
MinimumVisualStudioVersion = 10.0.40219.1
Project("{FAE04EC0-301F-11D3-BF4B-00C04F79EFBC}") = "MapTo", "MapTo\MapTo.csproj", "{442E56A9-8D34-475E-9B42-8F5FFF204188}"
EndProject
Global
	GlobalSection(SolutionConfigurationPlatforms) = preSolution
		Debug|Any CPU = Debug|Any CPU
		Release|Any CPU = Release|Any CPU
	EndGlobalSection
	GlobalSection(ProjectConfigurationPlatforms) = postSolution
		{442E56A9-8D34-475E-9B42-8F5FFF204188}.Debug|Any CPU.ActiveCfg = Debug|Any CPU
		{442E56A9-8D34-475E-9B42-8F5FFF204188}.Debug|Any CPU.Build.0 = Debug|Any CPU
		{442E56A9-8D34-475E-9B42-8F5FFF204188}.Release|Any CPU.ActiveCfg = Release|Any CPU
		{442E56A9-8D34-475E-9B42-8F5FFF204188}.Release|Any CPU.Build.0 = Release|Any CPU
	EndGlobalSection
	GlobalSection(SolutionProperties) = preSolution
		HideSolutionNode = FALSE
	EndGlobalSection
	GlobalSection(ExtensibilityGlobals) = postSolution
		SolutionGuid = {F73DC8DF-FB62-466D-BB63-5BC458878EAF}
	EndGlobalSection
EndGlobal
